{
  "lockfileVersion": 1,
  "configVersion": 1,
  "workspaces": {
    "": {
      "devDependencies": {
        "innosetup-compiler": "^6.3.1",
      },
    },
  },
  "packages": {
    "innosetup-compiler": ["innosetup-compiler@6.3.1", "", { "bin": { "innosetup-compiler": "lib/iscc" } }, "sha512-Qynw7Xjv7ZN/beBvS7Kt+QL50Q/Zbf7cJDHZmxmwNbxqgZEWCZ+5tggC6naF4ij/9PqRfpvDP1ecZLFwusu6Lw=="],
  }
}
